{
    "requires": true,
    "lockfileVersion": 1,
    "dependencies": {
        "js-marker-clusterer": {
            "version": "1.0.0",
            "resolved": "https://registry.npmjs.org/js-marker-clusterer/-/js-marker-clusterer-1.0.0.tgz",
            "integrity": "sha1-yUvoWuiJaBnlHBMfiR3StVVY3Rc="
        },
        "vue-google-maps": {
            "version": "0.1.21",
            "resolved": "https://registry.npmjs.org/vue-google-maps/-/vue-google-maps-0.1.21.tgz",
            "integrity": "sha1-Gbb6PfOf8pPcoc85JfTyh9D5W6w=",
            "requires": {
                "js-marker-clusterer": "^1.0.0"
            }
        }
    }
}
